
Microsoft Visual Studio Solution File, Format Version 12.00
# Visual Studio Version 16
VisualStudioVersion = 16.0.30621.155
MinimumVisualStudioVersion = 10.0.40219.1
Project("{9A19103F-16F7-4668-BE54-9A1E7A4F7556}") = "Synapse.Infrastructure", "..\Synapse.Infrastructure\Synapse.Infrastructure.csproj", "{1BE29388-C13D-4C50-9D92-3752D7BAA844}"
EndProject
Project("{9A19103F-16F7-4668-BE54-9A1E7A4F7556}") = "Synapse.Domain", "..\Synapse.Domain\Synapse.Domain.csproj", "{9AF205AF-762E-470D-8223-FB25C7E2F036}"
EndProject
Project("{9A19103F-16F7-4668-BE54-9A1E7A4F7556}") = "Synapse.Application", "..\Synapse.Application\Synapse.Application.csproj", "{A70F0003-79B0-4BC9-A72A-193183CF9776}"
EndProject
Project("{FAE04EC0-301F-11D3-BF4B-00C04F79EFBC}") = "Synapse.Batch.FluxIntegration", "..\Synapse.Batch.FluxIntegration\Synapse.Batch.FluxIntegration.csproj", "{8D1ADFD4-2989-445C-8B16-7CEBA4767E75}"
EndProject
Global
	GlobalSection(SolutionConfigurationPlatforms) = preSolution
		Debug|Any CPU = Debug|Any CPU
		Release|Any CPU = Release|Any CPU
	EndGlobalSection
	GlobalSection(ProjectConfigurationPlatforms) = postSolution
		{1BE29388-C13D-4C50-9D92-3752D7BAA844}.Debug|Any CPU.ActiveCfg = Debug|Any CPU
		{1BE29388-C13D-4C50-9D92-3752D7BAA844}.Debug|Any CPU.Build.0 = Debug|Any CPU
		{1BE29388-C13D-4C50-9D92-3752D7BAA844}.Release|Any CPU.ActiveCfg = Release|Any CPU
		{1BE29388-C13D-4C50-9D92-3752D7BAA844}.Release|Any CPU.Build.0 = Release|Any CPU
		{9AF205AF-762E-470D-8223-FB25C7E2F036}.Debug|Any CPU.ActiveCfg = Debug|Any CPU
		{9AF205AF-762E-470D-8223-FB25C7E2F036}.Debug|Any CPU.Build.0 = Debug|Any CPU
		{9AF205AF-762E-470D-8223-FB25C7E2F036}.Release|Any CPU.ActiveCfg = Release|Any CPU
		{9AF205AF-762E-470D-8223-FB25C7E2F036}.Release|Any CPU.Build.0 = Release|Any CPU
		{A70F0003-79B0-4BC9-A72A-193183CF9776}.Debug|Any CPU.ActiveCfg = Debug|Any CPU
		{A70F0003-79B0-4BC9-A72A-193183CF9776}.Debug|Any CPU.Build.0 = Debug|Any CPU
		{A70F0003-79B0-4BC9-A72A-193183CF9776}.Release|Any CPU.ActiveCfg = Release|Any CPU
		{A70F0003-79B0-4BC9-A72A-193183CF9776}.Release|Any CPU.Build.0 = Release|Any CPU
		{8D1ADFD4-2989-445C-8B16-7CEBA4767E75}.Debug|Any CPU.ActiveCfg = Debug|Any CPU
		{8D1ADFD4-2989-445C-8B16-7CEBA4767E75}.Debug|Any CPU.Build.0 = Debug|Any CPU
		{8D1ADFD4-2989-445C-8B16-7CEBA4767E75}.Release|Any CPU.ActiveCfg = Release|Any CPU
		{8D1ADFD4-2989-445C-8B16-7CEBA4767E75}.Release|Any CPU.Build.0 = Release|Any CPU
	EndGlobalSection
	GlobalSection(SolutionProperties) = preSolution
		HideSolutionNode = FALSE
	EndGlobalSection
	GlobalSection(ExtensibilityGlobals) = postSolution
		SolutionGuid = {9979CE0B-4C77-4718-BEED-56E1ACFA20F8}
	EndGlobalSection
EndGlobal
